
Microsoft Visual Studio Solution File, Format Version 12.00
# Visual Studio Version 17
VisualStudioVersion = 17.7.34221.43
MinimumVisualStudioVersion = 10.0.40219.1
Project("{E53339B2-1760-4266-BCC7-CA923CBCF16C}") = "docker-compose", "docker-compose.dcproj", "{B8D32679-A20B-4D76-BF0D-7247B8A0C84C}"
EndProject
Project("{2150E333-8FDC-42A3-9474-1A3956D46DE8}") = "03-EndPoints", "03-EndPoints", "{A0200BB3-26AC-4F3D-8272-26874161FA4D}"
EndProject
Project("{2150E333-8FDC-42A3-9474-1A3956D46DE8}") = "02-Infrastructure", "02-Infrastructure", "{511A7F0C-C96E-4591-9E0B-5BEB1F276D9E}"
EndProject
Project("{2150E333-8FDC-42A3-9474-1A3956D46DE8}") = "01-Core", "01-Core", "{89A1A065-6226-4489-812A-90D7196FBC4F}"
EndProject
Project("{9A19103F-16F7-4668-BE54-9A1E7A4F7556}") = "Streaming.Contracts", "01-Core\Streaming.Contracts\Streaming.Contracts.csproj", "{697668D2-5B2F-4192-A13A-705A9981F0FB}"
EndProject
Project("{9A19103F-16F7-4668-BE54-9A1E7A4F7556}") = "Streaming.Confluent.Kafka", "02-Infrastructure\Streaming.Confluent.Kafka\Streaming.Confluent.Kafka.csproj", "{7348C495-F705-4A20-8A18-37440674D054}"
EndProject
Project("{9A19103F-16F7-4668-BE54-9A1E7A4F7556}") = "Consumer", "03-EndPoints\Consumer\Consumer.csproj", "{20078A92-2B12-4016-B0DB-CD92DFCC5707}"
EndProject
Project("{9A19103F-16F7-4668-BE54-9A1E7A4F7556}") = "Producer", "03-EndPoints\Producer\Producer.csproj", "{AF4C2B31-E323-4B20-9F44-99F8314EEF1E}"
EndProject
Global
	GlobalSection(SolutionConfigurationPlatforms) = preSolution
		Debug|Any CPU = Debug|Any CPU
		Release|Any CPU = Release|Any CPU
	EndGlobalSection
	GlobalSection(ProjectConfigurationPlatforms) = postSolution
		{B8D32679-A20B-4D76-BF0D-7247B8A0C84C}.Debug|Any CPU.ActiveCfg = Debug|Any CPU
		{B8D32679-A20B-4D76-BF0D-7247B8A0C84C}.Debug|Any CPU.Build.0 = Debug|Any CPU
		{B8D32679-A20B-4D76-BF0D-7247B8A0C84C}.Release|Any CPU.ActiveCfg = Release|Any CPU
		{B8D32679-A20B-4D76-BF0D-7247B8A0C84C}.Release|Any CPU.Build.0 = Release|Any CPU
		{697668D2-5B2F-4192-A13A-705A9981F0FB}.Debug|Any CPU.ActiveCfg = Debug|Any CPU
		{697668D2-5B2F-4192-A13A-705A9981F0FB}.Debug|Any CPU.Build.0 = Debug|Any CPU
		{697668D2-5B2F-4192-A13A-705A9981F0FB}.Release|Any CPU.ActiveCfg = Release|Any CPU
		{697668D2-5B2F-4192-A13A-705A9981F0FB}.Release|Any CPU.Build.0 = Release|Any CPU
		{7348C495-F705-4A20-8A18-37440674D054}.Debug|Any CPU.ActiveCfg = Debug|Any CPU
		{7348C495-F705-4A20-8A18-37440674D054}.Debug|Any CPU.Build.0 = Debug|Any CPU
		{7348C495-F705-4A20-8A18-37440674D054}.Release|Any CPU.ActiveCfg = Release|Any CPU
		{7348C495-F705-4A20-8A18-37440674D054}.Release|Any CPU.Build.0 = Release|Any CPU
		{20078A92-2B12-4016-B0DB-CD92DFCC5707}.Debug|Any CPU.ActiveCfg = Debug|Any CPU
		{20078A92-2B12-4016-B0DB-CD92DFCC5707}.Debug|Any CPU.Build.0 = Debug|Any CPU
		{20078A92-2B12-4016-B0DB-CD92DFCC5707}.Release|Any CPU.ActiveCfg = Release|Any CPU
		{20078A92-2B12-4016-B0DB-CD92DFCC5707}.Release|Any CPU.Build.0 = Release|Any CPU
		{AF4C2B31-E323-4B20-9F44-99F8314EEF1E}.Debug|Any CPU.ActiveCfg = Debug|Any CPU
		{AF4C2B31-E323-4B20-9F44-99F8314EEF1E}.Debug|Any CPU.Build.0 = Debug|Any CPU
		{AF4C2B31-E323-4B20-9F44-99F8314EEF1E}.Release|Any CPU.ActiveCfg = Release|Any CPU
		{AF4C2B31-E323-4B20-9F44-99F8314EEF1E}.Release|Any CPU.Build.0 = Release|Any CPU
	EndGlobalSection
	GlobalSection(SolutionProperties) = preSolution
		HideSolutionNode = FALSE
	EndGlobalSection
	GlobalSection(NestedProjects) = preSolution
		{697668D2-5B2F-4192-A13A-705A9981F0FB} = {89A1A065-6226-4489-812A-90D7196FBC4F}
		{7348C495-F705-4A20-8A18-37440674D054} = {511A7F0C-C96E-4591-9E0B-5BEB1F276D9E}
		{20078A92-2B12-4016-B0DB-CD92DFCC5707} = {A0200BB3-26AC-4F3D-8272-26874161FA4D}
		{AF4C2B31-E323-4B20-9F44-99F8314EEF1E} = {A0200BB3-26AC-4F3D-8272-26874161FA4D}
	EndGlobalSection
	GlobalSection(ExtensibilityGlobals) = postSolution
		SolutionGuid = {298B1A41-D9CA-49B7-B567-7ED4ECE58343}
	EndGlobalSection
EndGlobal
