
Microsoft Visual Studio Solution File, Format Version 12.00
# Visual Studio Version 17
VisualStudioVersion = 17.7.34221.43
MinimumVisualStudioVersion = 10.0.40219.1
Project("{E53339B2-1760-4266-BCC7-CA923CBCF16C}") = "docker-compose", "docker-compose.dcproj", "{B8D32679-A20B-4D76-BF0D-7247B8A0C84C}"
EndProject
Project("{2150E333-8FDC-42A3-9474-1A3956D46DE8}") = "EndPoints", "EndPoints", "{A0200BB3-26AC-4F3D-8272-26874161FA4D}"
EndProject
Project("{9A19103F-16F7-4668-BE54-9A1E7A4F7556}") = "Consumer", "EndPoints\Consumer\Consumer.csproj", "{6F8EC873-B5E0-43EB-BB01-7648101C9192}"
EndProject
Project("{9A19103F-16F7-4668-BE54-9A1E7A4F7556}") = "Producer", "EndPoints\Producer\Producer.csproj", "{759E2198-69FA-410F-AFDC-AFD5D0437A52}"
EndProject
Project("{2150E333-8FDC-42A3-9474-1A3956D46DE8}") = "Infrastructure", "Infrastructure", "{511A7F0C-C96E-4591-9E0B-5BEB1F276D9E}"
EndProject
Project("{9A19103F-16F7-4668-BE54-9A1E7A4F7556}") = "Messaging.Contracts", "Infrastructure\Messaging.Contracts\Messaging.Contracts.csproj", "{FB53FB03-8B27-4E1E-A0E1-70916E276878}"
EndProject
Project("{FAE04EC0-301F-11D3-BF4B-00C04F79EFBC}") = "Messaging.Confluent.Kafka", "Infrastructure\Messaging.Confluent.Kafka\Messaging.Confluent.Kafka.csproj", "{BD1F66CB-471C-41B8-9609-AD326BC94973}"
EndProject
Global
	GlobalSection(SolutionConfigurationPlatforms) = preSolution
		Debug|Any CPU = Debug|Any CPU
		Release|Any CPU = Release|Any CPU
	EndGlobalSection
	GlobalSection(ProjectConfigurationPlatforms) = postSolution
		{B8D32679-A20B-4D76-BF0D-7247B8A0C84C}.Debug|Any CPU.ActiveCfg = Debug|Any CPU
		{B8D32679-A20B-4D76-BF0D-7247B8A0C84C}.Debug|Any CPU.Build.0 = Debug|Any CPU
		{B8D32679-A20B-4D76-BF0D-7247B8A0C84C}.Release|Any CPU.ActiveCfg = Release|Any CPU
		{B8D32679-A20B-4D76-BF0D-7247B8A0C84C}.Release|Any CPU.Build.0 = Release|Any CPU
		{6F8EC873-B5E0-43EB-BB01-7648101C9192}.Debug|Any CPU.ActiveCfg = Debug|Any CPU
		{6F8EC873-B5E0-43EB-BB01-7648101C9192}.Debug|Any CPU.Build.0 = Debug|Any CPU
		{6F8EC873-B5E0-43EB-BB01-7648101C9192}.Release|Any CPU.ActiveCfg = Release|Any CPU
		{6F8EC873-B5E0-43EB-BB01-7648101C9192}.Release|Any CPU.Build.0 = Release|Any CPU
		{759E2198-69FA-410F-AFDC-AFD5D0437A52}.Debug|Any CPU.ActiveCfg = Debug|Any CPU
		{759E2198-69FA-410F-AFDC-AFD5D0437A52}.Debug|Any CPU.Build.0 = Debug|Any CPU
		{759E2198-69FA-410F-AFDC-AFD5D0437A52}.Release|Any CPU.ActiveCfg = Release|Any CPU
		{759E2198-69FA-410F-AFDC-AFD5D0437A52}.Release|Any CPU.Build.0 = Release|Any CPU
		{FB53FB03-8B27-4E1E-A0E1-70916E276878}.Debug|Any CPU.ActiveCfg = Debug|Any CPU
		{FB53FB03-8B27-4E1E-A0E1-70916E276878}.Debug|Any CPU.Build.0 = Debug|Any CPU
		{FB53FB03-8B27-4E1E-A0E1-70916E276878}.Release|Any CPU.ActiveCfg = Release|Any CPU
		{FB53FB03-8B27-4E1E-A0E1-70916E276878}.Release|Any CPU.Build.0 = Release|Any CPU
		{BD1F66CB-471C-41B8-9609-AD326BC94973}.Debug|Any CPU.ActiveCfg = Debug|Any CPU
		{BD1F66CB-471C-41B8-9609-AD326BC94973}.Debug|Any CPU.Build.0 = Debug|Any CPU
		{BD1F66CB-471C-41B8-9609-AD326BC94973}.Release|Any CPU.ActiveCfg = Release|Any CPU
		{BD1F66CB-471C-41B8-9609-AD326BC94973}.Release|Any CPU.Build.0 = Release|Any CPU
	EndGlobalSection
	GlobalSection(SolutionProperties) = preSolution
		HideSolutionNode = FALSE
	EndGlobalSection
	GlobalSection(NestedProjects) = preSolution
		{6F8EC873-B5E0-43EB-BB01-7648101C9192} = {A0200BB3-26AC-4F3D-8272-26874161FA4D}
		{759E2198-69FA-410F-AFDC-AFD5D0437A52} = {A0200BB3-26AC-4F3D-8272-26874161FA4D}
		{FB53FB03-8B27-4E1E-A0E1-70916E276878} = {511A7F0C-C96E-4591-9E0B-5BEB1F276D9E}
		{BD1F66CB-471C-41B8-9609-AD326BC94973} = {511A7F0C-C96E-4591-9E0B-5BEB1F276D9E}
	EndGlobalSection
	GlobalSection(ExtensibilityGlobals) = postSolution
		SolutionGuid = {298B1A41-D9CA-49B7-B567-7ED4ECE58343}
	EndGlobalSection
EndGlobal
